// !$*UTF8*$!
{
	archiveVersion = 1;
	classes = {
	};
	objectVersion = 56;
	objects = {

/* Begin PBXBuildFile section */
		E00644E02B55515700D9F075 /* TransitionApp.swift in Sources */ = {isa = PBXBuildFile; fileRef = E00644DF2B55515700D9F075 /* TransitionApp.swift */; };
		E00644E22B55515700D9F075 /* ContentView.swift in Sources */ = {isa = PBXBuildFile; fileRef = E00644E12B55515700D9F075 /* ContentView.swift */; };
		E00644E42B55515700D9F075 /* Assets.xcassets in Resources */ = {isa = PBXBuildFile; fileRef = E00644E32B55515700D9F075 /* Assets.xcassets */; };
		E00644E82B55515700D9F075 /* Preview Assets.xcassets in Resources */ = {isa = PBXBuildFile; fileRef = E00644E72B55515700D9F075 /* Preview Assets.xcassets */; };
		E00644F22B55515800D9F075 /* TransitionTests.swift in Sources */ = {isa = PBXBuildFile; fileRef = E00644F12B55515800D9F075 /* TransitionTests.swift */; };
		E00644FC2B55515800D9F075 /* TransitionUITests.swift in Sources */ = {isa = PBXBuildFile; fileRef = E00644FB2B55515800D9F075 /* TransitionUITests.swift */; };
		E00644FE2B55515800D9F075 /* TransitionUITestsLaunchTests.swift in Sources */ = {isa = PBXBuildFile; fileRef = E00644FD2B55515800D9F075 /* TransitionUITestsLaunchTests.swift */; };
		E0180C772B566FB700B68A91 /* ScrollViewOffset.swift in Sources */ = {isa = PBXBuildFile; fileRef = E0180C762B566FB700B68A91 /* ScrollViewOffset.swift */; };
		E0A3D7402B5BEA3D003BA562 /* DummyChart.swift in Sources */ = {isa = PBXBuildFile; fileRef = E0A3D73F2B5BEA3D003BA562 /* DummyChart.swift */; };
		E0A3D7422B5C28C6003BA562 /* FlowLayout.swift in Sources */ = {isa = PBXBuildFile; fileRef = E0A3D7412B5C28C6003BA562 /* FlowLayout.swift */; };
		E0B67E3E2B5BC579003C52B2 /* InfoTickerView.swift in Sources */ = {isa = PBXBuildFile; fileRef = E0B67E3D2B5BC579003C52B2 /* InfoTickerView.swift */; };
/* End PBXBuildFile section */

/* Begin PBXContainerItemProxy section */
		E00644EE2B55515800D9F075 /* PBXContainerItemProxy */ = {
			isa = PBXContainerItemProxy;
			containerPortal = E00644D42B55515700D9F075 /* Project object */;
			proxyType = 1;
			remoteGlobalIDString = E00644DB2B55515700D9F075;
			remoteInfo = Transition;
		};
		E00644F82B55515800D9F075 /* PBXContainerItemProxy */ = {
			isa = PBXContainerItemProxy;
			containerPortal = E00644D42B55515700D9F075 /* Project object */;
			proxyType = 1;
			remoteGlobalIDString = E00644DB2B55515700D9F075;
			remoteInfo = Transition;
		};
/* End PBXContainerItemProxy section */

/* Begin PBXFileReference section */
		E00644DC2B55515700D9F075 /* Transition.app */ = {isa = PBXFileReference; explicitFileType = wrapper.application; includeInIndex = 0; path = Transition.app; sourceTree = BUILT_PRODUCTS_DIR; };
		E00644DF2B55515700D9F075 /* TransitionApp.swift */ = {isa = PBXFileReference; lastKnownFileType = sourcecode.swift; path = TransitionApp.swift; sourceTree = "<group>"; };
		E00644E12B55515700D9F075 /* ContentView.swift */ = {isa = PBXFileReference; lastKnownFileType = sourcecode.swift; path = ContentView.swift; sourceTree = "<group>"; };
		E00644E32B55515700D9F075 /* Assets.xcassets */ = {isa = PBXFileReference; lastKnownFileType = folder.assetcatalog; path = Assets.xcassets; sourceTree = "<group>"; };
		E00644E52B55515700D9F075 /* Transition.entitlements */ = {isa = PBXFileReference; lastKnownFileType = text.plist.entitlements; path = Transition.entitlements; sourceTree = "<group>"; };
		E00644E72B55515700D9F075 /* Preview Assets.xcassets */ = {isa = PBXFileReference; lastKnownFileType = folder.assetcatalog; path = "Preview Assets.xcassets"; sourceTree = "<group>"; };
		E00644ED2B55515800D9F075 /* TransitionTests.xctest */ = {isa = PBXFileReference; explicitFileType = wrapper.cfbundle; includeInIndex = 0; path = TransitionTests.xctest; sourceTree = BUILT_PRODUCTS_DIR; };
		E00644F12B55515800D9F075 /* TransitionTests.swift */ = {isa = PBXFileReference; lastKnownFileType = sourcecode.swift; path = TransitionTests.swift; sourceTree = "<group>"; };
		E00644F72B55515800D9F075 /* TransitionUITests.xctest */ = {isa = PBXFileReference; explicitFileType = wrapper.cfbundle; includeInIndex = 0; path = TransitionUITests.xctest; sourceTree = BUILT_PRODUCTS_DIR; };
		E00644FB2B55515800D9F075 /* TransitionUITests.swift */ = {isa = PBXFileReference; lastKnownFileType = sourcecode.swift; path = TransitionUITests.swift; sourceTree = "<group>"; };
		E00644FD2B55515800D9F075 /* TransitionUITestsLaunchTests.swift */ = {isa = PBXFileReference; lastKnownFileType = sourcecode.swift; path = TransitionUITestsLaunchTests.swift; sourceTree = "<group>"; };
		E0180C762B566FB700B68A91 /* ScrollViewOffset.swift */ = {isa = PBXFileReference; lastKnownFileType = sourcecode.swift; path = ScrollViewOffset.swift; sourceTree = "<group>"; };
		E0A3D73F2B5BEA3D003BA562 /* DummyChart.swift */ = {isa = PBXFileReference; lastKnownFileType = sourcecode.swift; path = DummyChart.swift; sourceTree = "<group>"; };
		E0A3D7412B5C28C6003BA562 /* FlowLayout.swift */ = {isa = PBXFileReference; lastKnownFileType = sourcecode.swift; path = FlowLayout.swift; sourceTree = "<group>"; };
		E0B67E3D2B5BC579003C52B2 /* InfoTickerView.swift */ = {isa = PBXFileReference; fileEncoding = 4; lastKnownFileType = sourcecode.swift; path = InfoTickerView.swift; sourceTree = "<group>"; };
/* End PBXFileReference section */

/* Begin PBXFrameworksBuildPhase section */
		E00644D92B55515700D9F075 /* Frameworks */ = {
			isa = PBXFrameworksBuildPhase;
			buildActionMask = 2147483647;
			files = (
			);
			runOnlyForDeploymentPostprocessing = 0;
		};
		E00644EA2B55515800D9F075 /* Frameworks */ = {
			isa = PBXFrameworksBuildPhase;
			buildActionMask = 2147483647;
			files = (
			);
			runOnlyForDeploymentPostprocessing = 0;
		};
		E00644F42B55515800D9F075 /* Frameworks */ = {
			isa = PBXFrameworksBuildPhase;
			buildActionMask = 2147483647;
			files = (
			);
			runOnlyForDeploymentPostprocessing = 0;
		};
/* End PBXFrameworksBuildPhase section */

/* Begin PBXGroup section */
		E00644D32B55515700D9F075 = {
			isa = PBXGroup;
			children = (
				E00644DE2B55515700D9F075 /* Transition */,
				E00644F02B55515800D9F075 /* TransitionTests */,
				E00644FA2B55515800D9F075 /* TransitionUITests */,
				E00644DD2B55515700D9F075 /* Products */,
			);
			sourceTree = "<group>";
		};
		E00644DD2B55515700D9F075 /* Products */ = {
			isa = PBXGroup;
			children = (
				E00644DC2B55515700D9F075 /* Transition.app */,
				E00644ED2B55515800D9F075 /* TransitionTests.xctest */,
				E00644F72B55515800D9F075 /* TransitionUITests.xctest */,
			);
			name = Products;
			sourceTree = "<group>";
		};
		E00644DE2B55515700D9F075 /* Transition */ = {
			isa = PBXGroup;
			children = (
				E00644DF2B55515700D9F075 /* TransitionApp.swift */,
				E00644E12B55515700D9F075 /* ContentView.swift */,
				E0B67E3D2B5BC579003C52B2 /* InfoTickerView.swift */,
				E0A3D73F2B5BEA3D003BA562 /* DummyChart.swift */,
				E00644E32B55515700D9F075 /* Assets.xcassets */,
				E00644E52B55515700D9F075 /* Transition.entitlements */,
				E00644E62B55515700D9F075 /* Preview Content */,
				E0180C762B566FB700B68A91 /* ScrollViewOffset.swift */,
				E0A3D7412B5C28C6003BA562 /* FlowLayout.swift */,
			);
			path = Transition;
			sourceTree = "<group>";
		};
		E00644E62B55515700D9F075 /* Preview Content */ = {
			isa = PBXGroup;
			children = (
				E00644E72B55515700D9F075 /* Preview Assets.xcassets */,
			);
			path = "Preview Content";
			sourceTree = "<group>";
		};
		E00644F02B55515800D9F075 /* TransitionTests */ = {
			isa = PBXGroup;
			children = (
				E00644F12B55515800D9F075 /* TransitionTests.swift */,
			);
			path = TransitionTests;
			sourceTree = "<group>";
		};
		E00644FA2B55515800D9F075 /* TransitionUITests */ = {
			isa = PBXGroup;
			children = (
				E00644FB2B55515800D9F075 /* TransitionUITests.swift */,
				E00644FD2B55515800D9F075 /* TransitionUITestsLaunchTests.swift */,
			);
			path = TransitionUITests;
			sourceTree = "<group>";
		};
/* End PBXGroup section */

/* Begin PBXNativeTarget section */
		E00644DB2B55515700D9F075 /* Transition */ = {
			isa = PBXNativeTarget;
			buildConfigurationList = E00645012B55515800D9F075 /* Build configuration list for PBXNativeTarget "Transition" */;
			buildPhases = (
				E00644D82B55515700D9F075 /* Sources */,
				E00644D92B55515700D9F075 /* Frameworks */,
				E00644DA2B55515700D9F075 /* Resources */,
			);
			buildRules = (
			);
			dependencies = (
			);
			name = Transition;
			productName = Transition;
			productReference = E00644DC2B55515700D9F075 /* Transition.app */;
			productType = "com.apple.product-type.application";
		};
		E00644EC2B55515800D9F075 /* TransitionTests */ = {
			isa = PBXNativeTarget;
			buildConfigurationList = E00645042B55515800D9F075 /* Build configuration list for PBXNativeTarget "TransitionTests" */;
			buildPhases = (
				E00644E92B55515800D9F075 /* Sources */,
				E00644EA2B55515800D9F075 /* Frameworks */,
				E00644EB2B55515800D9F075 /* Resources */,
			);
			buildRules = (
			);
			dependencies = (
				E00644EF2B55515800D9F075 /* PBXTargetDependency */,
			);
			name = TransitionTests;
			productName = TransitionTests;
			productReference = E00644ED2B55515800D9F075 /* TransitionTests.xctest */;
			productType = "com.apple.product-type.bundle.unit-test";
		};
		E00644F62B55515800D9F075 /* TransitionUITests */ = {
			isa = PBXNativeTarget;
			buildConfigurationList = E00645072B55515800D9F075 /* Build configuration list for PBXNativeTarget "TransitionUITests" */;
			buildPhases = (
				E00644F32B55515800D9F075 /* Sources */,
				E00644F42B55515800D9F075 /* Frameworks */,
				E00644F52B55515800D9F075 /* Resources */,
			);
			buildRules = (
			);
			dependencies = (
				E00644F92B55515800D9F075 /* PBXTargetDependency */,
			);
			name = TransitionUITests;
			productName = TransitionUITests;
			productReference = E00644F72B55515800D9F075 /* TransitionUITests.xctest */;
			productType = "com.apple.product-type.bundle.ui-testing";
		};
/* End PBXNativeTarget section */

/* Begin PBXProject section */
		E00644D42B55515700D9F075 /* Project object */ = {
			isa = PBXProject;
			attributes = {
				BuildIndependentTargetsInParallel = 1;
				LastSwiftUpdateCheck = 1500;
				LastUpgradeCheck = 1500;
				TargetAttributes = {
					E00644DB2B55515700D9F075 = {
						CreatedOnToolsVersion = 15.0;
					};
					E00644EC2B55515800D9F075 = {
						CreatedOnToolsVersion = 15.0;
						TestTargetID = E00644DB2B55515700D9F075;
					};
					E00644F62B55515800D9F075 = {
						CreatedOnToolsVersion = 15.0;
						TestTargetID = E00644DB2B55515700D9F075;
					};
				};
			};
			buildConfigurationList = E00644D72B55515700D9F075 /* Build configuration list for PBXProject "Transition" */;
			compatibilityVersion = "Xcode 14.0";
			developmentRegion = en;
			hasScannedForEncodings = 0;
			knownRegions = (
				en,
				Base,
			);
			mainGroup = E00644D32B55515700D9F075;
			productRefGroup = E00644DD2B55515700D9F075 /* Products */;
			projectDirPath = "";
			projectRoot = "";
			targets = (
				E00644DB2B55515700D9F075 /* Transition */,
				E00644EC2B55515800D9F075 /* TransitionTests */,
				E00644F62B55515800D9F075 /* TransitionUITests */,
			);
		};
/* End PBXProject section */

/* Begin PBXResourcesBuildPhase section */
		E00644DA2B55515700D9F075 /* Resources */ = {
			isa = PBXResourcesBuildPhase;
			buildActionMask = 2147483647;
			files = (
				E00644E82B55515700D9F075 /* Preview Assets.xcassets in Resources */,
				E00644E42B55515700D9F075 /* Assets.xcassets in Resources */,
			);
			runOnlyForDeploymentPostprocessing = 0;
		};
		E00644EB2B55515800D9F075 /* Resources */ = {
			isa = PBXResourcesBuildPhase;
			buildActionMask = 2147483647;
			files = (
			);
			runOnlyForDeploymentPostprocessing = 0;
		};
		E00644F52B55515800D9F075 /* Resources */ = {
			isa = PBXResourcesBuildPhase;
			buildActionMask = 2147483647;
			files = (
			);
			runOnlyForDeploymentPostprocessing = 0;
		};
/* End PBXResourcesBuildPhase section */

/* Begin PBXSourcesBuildPhase section */
		E00644D82B55515700D9F075 /* Sources */ = {
			isa = PBXSourcesBuildPhase;
			buildActionMask = 2147483647;
			files = (
				E0B67E3E2B5BC579003C52B2 /* InfoTickerView.swift in Sources */,
				E0A3D7422B5C28C6003BA562 /* FlowLayout.swift in Sources */,
				E00644E22B55515700D9F075 /* ContentView.swift in Sources */,
				E0180C772B566FB700B68A91 /* ScrollViewOffset.swift in Sources */,
				E00644E02B55515700D9F075 /* TransitionApp.swift in Sources */,
				E0A3D7402B5BEA3D003BA562 /* DummyChart.swift in Sources */,
			);
			runOnlyForDeploymentPostprocessing = 0;
		};
		E00644E92B55515800D9F075 /* Sources */ = {
			isa = PBXSourcesBuildPhase;
			buildActionMask = 2147483647;
			files = (
				E00644F22B55515800D9F075 /* TransitionTests.swift in Sources */,
			);
			runOnlyForDeploymentPostprocessing = 0;
		};
		E00644F32B55515800D9F075 /* Sources */ = {
			isa = PBXSourcesBuildPhase;
			buildActionMask = 2147483647;
			files = (
				E00644FC2B55515800D9F075 /* TransitionUITests.swift in Sources */,
				E00644FE2B55515800D9F075 /* TransitionUITestsLaunchTests.swift in Sources */,
			);
			runOnlyForDeploymentPostprocessing = 0;
		};
/* End PBXSourcesBuildPhase section */

/* Begin PBXTargetDependency section */
		E00644EF2B55515800D9F075 /* PBXTargetDependency */ = {
			isa = PBXTargetDependency;
			target = E00644DB2B55515700D9F075 /* Transition */;
			targetProxy = E00644EE2B55515800D9F075 /* PBXContainerItemProxy */;
		};
		E00644F92B55515800D9F075 /* PBXTargetDependency */ = {
			isa = PBXTargetDependency;
			target = E00644DB2B55515700D9F075 /* Transition */;
			targetProxy = E00644F82B55515800D9F075 /* PBXContainerItemProxy */;
		};
/* End PBXTargetDependency section */

/* Begin XCBuildConfiguration section */
		E00644FF2B55515800D9F075 /* Debug */ = {
			isa = XCBuildConfiguration;
			buildSettings = {
				ALWAYS_SEARCH_USER_PATHS = NO;
				ASSETCATALOG_COMPILER_GENERATE_SWIFT_ASSET_SYMBOL_EXTENSIONS = YES;
				CLANG_ANALYZER_NONNULL = YES;
				CLANG_ANALYZER_NUMBER_OBJECT_CONVERSION = YES_AGGRESSIVE;
				CLANG_CXX_LANGUAGE_STANDARD = "gnu++20";
				CLANG_ENABLE_MODULES = YES;
				CLANG_ENABLE_OBJC_ARC = YES;
				CLANG_ENABLE_OBJC_WEAK = YES;
				CLANG_WARN_BLOCK_CAPTURE_AUTORELEASING = YES;
				CLANG_WARN_BOOL_CONVERSION = YES;
				CLANG_WARN_COMMA = YES;
				CLANG_WARN_CONSTANT_CONVERSION = YES;
				CLANG_WARN_DEPRECATED_OBJC_IMPLEMENTATIONS = YES;
				CLANG_WARN_DIRECT_OBJC_ISA_USAGE = YES_ERROR;
				CLANG_WARN_DOCUMENTATION_COMMENTS = YES;
				CLANG_WARN_EMPTY_BODY = YES;
				CLANG_WARN_ENUM_CONVERSION = YES;
				CLANG_WARN_INFINITE_RECURSION = YES;
				CLANG_WARN_INT_CONVERSION = YES;
				CLANG_WARN_NON_LITERAL_NULL_CONVERSION = YES;
				CLANG_WARN_OBJC_IMPLICIT_RETAIN_SELF = YES;
				CLANG_WARN_OBJC_LITERAL_CONVERSION = YES;
				CLANG_WARN_OBJC_ROOT_CLASS = YES_ERROR;
				CLANG_WARN_QUOTED_INCLUDE_IN_FRAMEWORK_HEADER = YES;
				CLANG_WARN_RANGE_LOOP_ANALYSIS = YES;
				CLANG_WARN_STRICT_PROTOTYPES = YES;
				CLANG_WARN_SUSPICIOUS_MOVE = YES;
				CLANG_WARN_UNGUARDED_AVAILABILITY = YES_AGGRESSIVE;
				CLANG_WARN_UNREACHABLE_CODE = YES;
				CLANG_WARN__DUPLICATE_METHOD_MATCH = YES;
				COPY_PHASE_STRIP = NO;
				DEBUG_INFORMATION_FORMAT = dwarf;
				ENABLE_STRICT_OBJC_MSGSEND = YES;
				ENABLE_TESTABILITY = YES;
				ENABLE_USER_SCRIPT_SANDBOXING = YES;
				GCC_C_LANGUAGE_STANDARD = gnu17;
				GCC_DYNAMIC_NO_PIC = NO;
				GCC_NO_COMMON_BLOCKS = YES;
				GCC_OPTIMIZATION_LEVEL = 0;
				GCC_PREPROCESSOR_DEFINITIONS = (
					"DEBUG=1",
					"$(inherited)",
				);
				GCC_WARN_64_TO_32_BIT_CONVERSION = YES;
				GCC_WARN_ABOUT_RETURN_TYPE = YES_ERROR;
				GCC_WARN_UNDECLARED_SELECTOR = YES;
				GCC_WARN_UNINITIALIZED_AUTOS = YES_AGGRESSIVE;
				GCC_WARN_UNUSED_FUNCTION = YES;
				GCC_WARN_UNUSED_VARIABLE = YES;
				LOCALIZATION_PREFERS_STRING_CATALOGS = YES;
				MTL_ENABLE_DEBUG_INFO = INCLUDE_SOURCE;
				MTL_FAST_MATH = YES;
				ONLY_ACTIVE_ARCH = YES;
				SWIFT_ACTIVE_COMPILATION_CONDITIONS = "DEBUG $(inherited)";
				SWIFT_OPTIMIZATION_LEVEL = "-Onone";
			};
			name = Debug;
		};
		E00645002B55515800D9F075 /* Release */ = {
			isa = XCBuildConfiguration;
			buildSettings = {
				ALWAYS_SEARCH_USER_PATHS = NO;
				ASSETCATALOG_COMPILER_GENERATE_SWIFT_ASSET_SYMBOL_EXTENSIONS = YES;
				CLANG_ANALYZER_NONNULL = YES;
				CLANG_ANALYZER_NUMBER_OBJECT_CONVERSION = YES_AGGRESSIVE;
				CLANG_CXX_LANGUAGE_STANDARD = "gnu++20";
				CLANG_ENABLE_MODULES = YES;
				CLANG_ENABLE_OBJC_ARC = YES;
				CLANG_ENABLE_OBJC_WEAK = YES;
				CLANG_WARN_BLOCK_CAPTURE_AUTORELEASING = YES;
				CLANG_WARN_BOOL_CONVERSION = YES;
				CLANG_WARN_COMMA = YES;
				CLANG_WARN_CONSTANT_CONVERSION = YES;
				CLANG_WARN_DEPRECATED_OBJC_IMPLEMENTATIONS = YES;
				CLANG_WARN_DIRECT_OBJC_ISA_USAGE = YES_ERROR;
				CLANG_WARN_DOCUMENTATION_COMMENTS = YES;
				CLANG_WARN_EMPTY_BODY = YES;
				CLANG_WARN_ENUM_CONVERSION = YES;
				CLANG_WARN_INFINITE_RECURSION = YES;
				CLANG_WARN_INT_CONVERSION = YES;
				CLANG_WARN_NON_LITERAL_NULL_CONVERSION = YES;
				CLANG_WARN_OBJC_IMPLICIT_RETAIN_SELF = YES;
				CLANG_WARN_OBJC_LITERAL_CONVERSION = YES;
				CLANG_WARN_OBJC_ROOT_CLASS = YES_ERROR;
				CLANG_WARN_QUOTED_INCLUDE_IN_FRAMEWORK_HEADER = YES;
				CLANG_WARN_RANGE_LOOP_ANALYSIS = YES;
				CLANG_WARN_STRICT_PROTOTYPES = YES;
				CLANG_WARN_SUSPICIOUS_MOVE = YES;
				CLANG_WARN_UNGUARDED_AVAILABILITY = YES_AGGRESSIVE;
				CLANG_WARN_UNREACHABLE_CODE = YES;
				CLANG_WARN__DUPLICATE_METHOD_MATCH = YES;
				COPY_PHASE_STRIP = NO;
				DEBUG_INFORMATION_FORMAT = "dwarf-with-dsym";
				ENABLE_NS_ASSERTIONS = NO;
				ENABLE_STRICT_OBJC_MSGSEND = YES;
				ENABLE_USER_SCRIPT_SANDBOXING = YES;
				GCC_C_LANGUAGE_STANDARD = gnu17;
				GCC_NO_COMMON_BLOCKS = YES;
				GCC_WARN_64_TO_32_BIT_CONVERSION = YES;
				GCC_WARN_ABOUT_RETURN_TYPE = YES_ERROR;
				GCC_WARN_UNDECLARED_SELECTOR = YES;
				GCC_WARN_UNINITIALIZED_AUTOS = YES_AGGRESSIVE;
				GCC_WARN_UNUSED_FUNCTION = YES;
				GCC_WARN_UNUSED_VARIABLE = YES;
				LOCALIZATION_PREFERS_STRING_CATALOGS = YES;
				MTL_ENABLE_DEBUG_INFO = NO;
				MTL_FAST_MATH = YES;
				SWIFT_COMPILATION_MODE = wholemodule;
			};
			name = Release;
		};
		E00645022B55515800D9F075 /* Debug */ = {
			isa = XCBuildConfiguration;
			buildSettings = {
				ASSETCATALOG_COMPILER_APPICON_NAME = AppIcon;
				ASSETCATALOG_COMPILER_GLOBAL_ACCENT_COLOR_NAME = AccentColor;
				CODE_SIGN_ENTITLEMENTS = Transition/Transition.entitlements;
				CODE_SIGN_STYLE = Automatic;
				CURRENT_PROJECT_VERSION = 1;
				DEVELOPMENT_ASSET_PATHS = "\"Transition/Preview Content\"";
				DEVELOPMENT_TEAM = PHJ7WUPNX4;
				ENABLE_PREVIEWS = YES;
				GENERATE_INFOPLIST_FILE = YES;
				"INFOPLIST_KEY_UIApplicationSceneManifest_Generation[sdk=iphoneos*]" = YES;
				"INFOPLIST_KEY_UIApplicationSceneManifest_Generation[sdk=iphonesimulator*]" = YES;
				"INFOPLIST_KEY_UIApplicationSupportsIndirectInputEvents[sdk=iphoneos*]" = YES;
				"INFOPLIST_KEY_UIApplicationSupportsIndirectInputEvents[sdk=iphonesimulator*]" = YES;
				"INFOPLIST_KEY_UILaunchScreen_Generation[sdk=iphoneos*]" = YES;
				"INFOPLIST_KEY_UILaunchScreen_Generation[sdk=iphonesimulator*]" = YES;
				"INFOPLIST_KEY_UIStatusBarStyle[sdk=iphoneos*]" = UIStatusBarStyleDefault;
				"INFOPLIST_KEY_UIStatusBarStyle[sdk=iphonesimulator*]" = UIStatusBarStyleDefault;
				INFOPLIST_KEY_UISupportedInterfaceOrientations_iPad = "UIInterfaceOrientationPortrait UIInterfaceOrientationPortraitUpsideDown UIInterfaceOrientationLandscapeLeft UIInterfaceOrientationLandscapeRight";
				INFOPLIST_KEY_UISupportedInterfaceOrientations_iPhone = "UIInterfaceOrientationPortrait UIInterfaceOrientationLandscapeLeft UIInterfaceOrientationLandscapeRight";
				IPHONEOS_DEPLOYMENT_TARGET = 17.0;
				LD_RUNPATH_SEARCH_PATHS = "@executable_path/Frameworks";
				"LD_RUNPATH_SEARCH_PATHS[sdk=macosx*]" = "@executable_path/../Frameworks";
				MACOSX_DEPLOYMENT_TARGET = 14.0;
				MARKETING_VERSION = 1.0;
				PRODUCT_BUNDLE_IDENTIFIER = com.formahealth.Transition;
				PRODUCT_NAME = "$(TARGET_NAME)";
				SDKROOT = auto;
				SUPPORTED_PLATFORMS = "iphoneos iphonesimulator macosx";
				SWIFT_EMIT_LOC_STRINGS = YES;
				SWIFT_VERSION = 5.0;
				TARGETED_DEVICE_FAMILY = "1,2";
			};
			name = Debug;
		};
		E00645032B55515800D9F075 /* Release */ = {
			isa = XCBuildConfiguration;
			buildSettings = {
				ASSETCATALOG_COMPILER_APPICON_NAME = AppIcon;
				ASSETCATALOG_COMPILER_GLOBAL_ACCENT_COLOR_NAME = AccentColor;
				CODE_SIGN_ENTITLEMENTS = Transition/Transition.entitlements;
				CODE_SIGN_STYLE = Automatic;
				CURRENT_PROJECT_VERSION = 1;
				DEVELOPMENT_ASSET_PATHS = "\"Transition/Preview Content\"";
				DEVELOPMENT_TEAM = PHJ7WUPNX4;
				ENABLE_PREVIEWS = YES;
				GENERATE_INFOPLIST_FILE = YES;
				"INFOPLIST_KEY_UIApplicationSceneManifest_Generation[sdk=iphoneos*]" = YES;
				"INFOPLIST_KEY_UIApplicationSceneManifest_Generation[sdk=iphonesimulator*]" = YES;
				"INFOPLIST_KEY_UIApplicationSupportsIndirectInputEvents[sdk=iphoneos*]" = YES;
				"INFOPLIST_KEY_UIApplicationSupportsIndirectInputEvents[sdk=iphonesimulator*]" = YES;
				"INFOPLIST_KEY_UILaunchScreen_Generation[sdk=iphoneos*]" = YES;
				"INFOPLIST_KEY_UILaunchScreen_Generation[sdk=iphonesimulator*]" = YES;
				"INFOPLIST_KEY_UIStatusBarStyle[sdk=iphoneos*]" = UIStatusBarStyleDefault;
				"INFOPLIST_KEY_UIStatusBarStyle[sdk=iphonesimulator*]" = UIStatusBarStyleDefault;
				INFOPLIST_KEY_UISupportedInterfaceOrientations_iPad = "UIInterfaceOrientationPortrait UIInterfaceOrientationPortraitUpsideDown UIInterfaceOrientationLandscapeLeft UIInterfaceOrientationLandscapeRight";
				INFOPLIST_KEY_UISupportedInterfaceOrientations_iPhone = "UIInterfaceOrientationPortrait UIInterfaceOrientationLandscapeLeft UIInterfaceOrientationLandscapeRight";
				IPHONEOS_DEPLOYMENT_TARGET = 17.0;
				LD_RUNPATH_SEARCH_PATHS = "@executable_path/Frameworks";
				"LD_RUNPATH_SEARCH_PATHS[sdk=macosx*]" = "@executable_path/../Frameworks";
				MACOSX_DEPLOYMENT_TARGET = 14.0;
				MARKETING_VERSION = 1.0;
				PRODUCT_BUNDLE_IDENTIFIER = com.formahealth.Transition;
				PRODUCT_NAME = "$(TARGET_NAME)";
				SDKROOT = auto;
				SUPPORTED_PLATFORMS = "iphoneos iphonesimulator macosx";
				SWIFT_EMIT_LOC_STRINGS = YES;
				SWIFT_VERSION = 5.0;
				TARGETED_DEVICE_FAMILY = "1,2";
			};
			name = Release;
		};
		E00645052B55515800D9F075 /* Debug */ = {
			isa = XCBuildConfiguration;
			buildSettings = {
				ALWAYS_EMBED_SWIFT_STANDARD_LIBRARIES = YES;
				BUNDLE_LOADER = "$(TEST_HOST)";
				CODE_SIGN_STYLE = Automatic;
				CURRENT_PROJECT_VERSION = 1;
				GENERATE_INFOPLIST_FILE = YES;
				IPHONEOS_DEPLOYMENT_TARGET = 17.0;
				MACOSX_DEPLOYMENT_TARGET = 14.0;
				MARKETING_VERSION = 1.0;
				PRODUCT_BUNDLE_IDENTIFIER = com.formahealth.TransitionTests;
				PRODUCT_NAME = "$(TARGET_NAME)";
				SDKROOT = auto;
				SUPPORTED_PLATFORMS = "iphoneos iphonesimulator macosx";
				SWIFT_EMIT_LOC_STRINGS = NO;
				SWIFT_VERSION = 5.0;
				TARGETED_DEVICE_FAMILY = "1,2";
				TEST_HOST = "$(BUILT_PRODUCTS_DIR)/Transition.app/$(BUNDLE_EXECUTABLE_FOLDER_PATH)/Transition";
			};
			name = Debug;
		};
		E00645062B55515800D9F075 /* Release */ = {
			isa = XCBuildConfiguration;
			buildSettings = {
				ALWAYS_EMBED_SWIFT_STANDARD_LIBRARIES = YES;
				BUNDLE_LOADER = "$(TEST_HOST)";
				CODE_SIGN_STYLE = Automatic;
				CURRENT_PROJECT_VERSION = 1;
				GENERATE_INFOPLIST_FILE = YES;
				IPHONEOS_DEPLOYMENT_TARGET = 17.0;
				MACOSX_DEPLOYMENT_TARGET = 14.0;
				MARKETING_VERSION = 1.0;
				PRODUCT_BUNDLE_IDENTIFIER = com.formahealth.TransitionTests;
				PRODUCT_NAME = "$(TARGET_NAME)";
				SDKROOT = auto;
				SUPPORTED_PLATFORMS = "iphoneos iphonesimulator macosx";
				SWIFT_EMIT_LOC_STRINGS = NO;
				SWIFT_VERSION = 5.0;
				TARGETED_DEVICE_FAMILY = "1,2";
				TEST_HOST = "$(BUILT_PRODUCTS_DIR)/Transition.app/$(BUNDLE_EXECUTABLE_FOLDER_PATH)/Transition";
			};
			name = Release;
		};
		E00645082B55515800D9F075 /* Debug */ = {
			isa = XCBuildConfiguration;
			buildSettings = {
				ALWAYS_EMBED_SWIFT_STANDARD_LIBRARIES = YES;
				CODE_SIGN_STYLE = Automatic;
				CURRENT_PROJECT_VERSION = 1;
				GENERATE_INFOPLIST_FILE = YES;
				IPHONEOS_DEPLOYMENT_TARGET = 17.0;
				MACOSX_DEPLOYMENT_TARGET = 14.0;
				MARKETING_VERSION = 1.0;
				PRODUCT_BUNDLE_IDENTIFIER = com.formahealth.TransitionUITests;
				PRODUCT_NAME = "$(TARGET_NAME)";
				SDKROOT = auto;
				SUPPORTED_PLATFORMS = "iphoneos iphonesimulator macosx";
				SWIFT_EMIT_LOC_STRINGS = NO;
				SWIFT_VERSION = 5.0;
				TARGETED_DEVICE_FAMILY = "1,2";
				TEST_TARGET_NAME = Transition;
			};
			name = Debug;
		};
		E00645092B55515800D9F075 /* Release */ = {
			isa = XCBuildConfiguration;
			buildSettings = {
				ALWAYS_EMBED_SWIFT_STANDARD_LIBRARIES = YES;
				CODE_SIGN_STYLE = Automatic;
				CURRENT_PROJECT_VERSION = 1;
				GENERATE_INFOPLIST_FILE = YES;
				IPHONEOS_DEPLOYMENT_TARGET = 17.0;
				MACOSX_DEPLOYMENT_TARGET = 14.0;
				MARKETING_VERSION = 1.0;
				PRODUCT_BUNDLE_IDENTIFIER = com.formahealth.TransitionUITests;
				PRODUCT_NAME = "$(TARGET_NAME)";
				SDKROOT = auto;
				SUPPORTED_PLATFORMS = "iphoneos iphonesimulator macosx";
				SWIFT_EMIT_LOC_STRINGS = NO;
				SWIFT_VERSION = 5.0;
				TARGETED_DEVICE_FAMILY = "1,2";
				TEST_TARGET_NAME = Transition;
			};
			name = Release;
		};
/* End XCBuildConfiguration section */

/* Begin XCConfigurationList section */
		E00644D72B55515700D9F075 /* Build configuration list for PBXProject "Transition" */ = {
			isa = XCConfigurationList;
			buildConfigurations = (
				E00644FF2B55515800D9F075 /* Debug */,
				E00645002B55515800D9F075 /* Release */,
			);
			defaultConfigurationIsVisible = 0;
			defaultConfigurationName = Release;
		};
		E00645012B55515800D9F075 /* Build configuration list for PBXNativeTarget "Transition" */ = {
			isa = XCConfigurationList;
			buildConfigurations = (
				E00645022B55515800D9F075 /* Debug */,
				E00645032B55515800D9F075 /* Release */,
			);
			defaultConfigurationIsVisible = 0;
			defaultConfigurationName = Release;
		};
		E00645042B55515800D9F075 /* Build configuration list for PBXNativeTarget "TransitionTests" */ = {
			isa = XCConfigurationList;
			buildConfigurations = (
				E00645052B55515800D9F075 /* Debug */,
				E00645062B55515800D9F075 /* Release */,
			);
			defaultConfigurationIsVisible = 0;
			defaultConfigurationName = Release;
		};
		E00645072B55515800D9F075 /* Build configuration list for PBXNativeTarget "TransitionUITests" */ = {
			isa = XCConfigurationList;
			buildConfigurations = (
				E00645082B55515800D9F075 /* Debug */,
				E00645092B55515800D9F075 /* Release */,
			);
			defaultConfigurationIsVisible = 0;
			defaultConfigurationName = Release;
		};
/* End XCConfigurationList section */
	};
	rootObject = E00644D42B55515700D9F075 /* Project object */;
}
